<Solution>
  <Configurations>
    <BuildType Name="Debug" />
    <BuildType Name="Release" />
    <BuildType Name="ReleasePack" />
    <BuildType Name="ReleaseUpgrade" />
  </Configurations>
  <Folder Name="/Solution Items/">
    <File Path=".editorconfig" />
  </Folder>
  <Project Path="Source/Friendly Set Play Time.csproj" Id="4fdf1e89-5bc3-4c72-8fda-0d580e7a5d5f" />
</Solution>
